
Microsoft Visual Studio Solution File, Format Version 12.00
# Visual Studio 14
VisualStudioVersion = 14.0.25420.1
MinimumVisualStudioVersion = 10.0.40219.1
Project("{2150E333-8FDC-42A3-9474-1A3956D46DE8}") = "src", "src", "{52763114-A90A-4683-B91E-E9962BF205AD}"
EndProject
Project("{2150E333-8FDC-42A3-9474-1A3956D46DE8}") = "Solution Items", "Solution Items", "{79B42517-3158-43E6-A786-0704FC7F467F}"
	ProjectSection(SolutionItems) = preProject
		global.json = global.json
	EndProjectSection
EndProject
Project("{8BB2217D-0F2D-49D1-97BC-3654ED321F3B}") = "MySql.LightServer", "src\MySql.LightServer\MySql.LightServer.xproj", "{7278A0BD-EEE8-4BEC-AB18-876FE054F6C6}"
EndProject
Project("{8BB2217D-0F2D-49D1-97BC-3654ED321F3B}") = "MySql.LightServer.Tests", "src\MySql.LightServer.Tests\MySql.LightServer.Tests.xproj", "{3955C607-8E78-4600-BB27-123421A28EC4}"
EndProject
Global
	GlobalSection(SolutionConfigurationPlatforms) = preSolution
		Debug|Any CPU = Debug|Any CPU
		Release|Any CPU = Release|Any CPU
	EndGlobalSection
	GlobalSection(ProjectConfigurationPlatforms) = postSolution
		{7278A0BD-EEE8-4BEC-AB18-876FE054F6C6}.Debug|Any CPU.ActiveCfg = Debug|Any CPU
		{7278A0BD-EEE8-4BEC-AB18-876FE054F6C6}.Debug|Any CPU.Build.0 = Debug|Any CPU
		{7278A0BD-EEE8-4BEC-AB18-876FE054F6C6}.Release|Any CPU.ActiveCfg = Release|Any CPU
		{7278A0BD-EEE8-4BEC-AB18-876FE054F6C6}.Release|Any CPU.Build.0 = Release|Any CPU
		{3955C607-8E78-4600-BB27-123421A28EC4}.Debug|Any CPU.ActiveCfg = Debug|Any CPU
		{3955C607-8E78-4600-BB27-123421A28EC4}.Debug|Any CPU.Build.0 = Debug|Any CPU
		{3955C607-8E78-4600-BB27-123421A28EC4}.Release|Any CPU.ActiveCfg = Release|Any CPU
		{3955C607-8E78-4600-BB27-123421A28EC4}.Release|Any CPU.Build.0 = Release|Any CPU
	EndGlobalSection
	GlobalSection(SolutionProperties) = preSolution
		HideSolutionNode = FALSE
	EndGlobalSection
	GlobalSection(NestedProjects) = preSolution
		{7278A0BD-EEE8-4BEC-AB18-876FE054F6C6} = {52763114-A90A-4683-B91E-E9962BF205AD}
		{3955C607-8E78-4600-BB27-123421A28EC4} = {52763114-A90A-4683-B91E-E9962BF205AD}
	EndGlobalSection
EndGlobal
